<?xml version="1.0" encoding="utf-8"?>
<Project ToolsVersion="4.0" xmlns="http://schemas.microsoft.com/developer/msbuild/2003">
  <ItemGroup>
    <Filter Include="Source Files">
      <UniqueIdentifier>{4FC737F1-C7A5-4376-A066-2A32D752A2FF}</UniqueIdentifier>
      <Extensions>cpp;c;cc;cxx;def;odl;idl;hpj;bat;asm;asmx</Extensions>
    </Filter>
    <Filter Include="Header Files">
      <UniqueIdentifier>{93995380-89BD-4b04-88EB-625FBE52EBFB}</UniqueIdentifier>
      <Extensions>h;hpp;hxx;hm;inl;inc;xsd</Extensions>
    </Filter>
    <Filter Include="Resource Files">
      <UniqueIdentifier>{67DA6AB6-F800-4c08-8B7A-83BB121AAD01}</UniqueIdentifier>
      <Extensions>rc;ico;cur;bmp;dlg;rc2;rct;bin;rgs;gif;jpg;jpeg;jpe;resx;tiff;tif;png;wav;mfcribbon-ms</Extensions>
    </Filter>
  </ItemGroup>
  <ItemGroup>
    <ClInclude Include="Item.h">
      <Filter>Header Files</Filter>
    </ClInclude>
    <ClInclude Include="Book.h">
      <Filter>Header Files</Filter>
    </ClInclude>
    <ClInclude Include="Shoe.h">
      <Filter>Header Files</Filter>
    </ClInclude>
    <ClInclude Include="Store.h">
      <Filter>Header Files</Filter>
    </ClInclude>
    <ClInclude Include="BookStore.h">
      <Filter>Header Files</Filter>
    </ClInclude>
    <ClInclude Include="ShoeStore.h">
      <Filter>Header Files</Filter>
    </ClInclude>
    <ClInclude Include="Customer.h">
      <Filter>Header Files</Filter>
    </ClInclude>
    <ClInclude Include="Payment.h">
      <Filter>Header Files</Filter>
    </ClInclude>
    <ClInclude Include="Mall.h">
      <Filter>Header Files</Filter>
    </ClInclude>
    <ClInclude Include="Game.h">
      <Filter>Header Files</Filter>
    </ClInclude>
    <ClInclude Include="GameStore.h">
      <Filter>Header Files</Filter>
    </ClInclude>
    <ClInclude Include="ShoppingCart.h">
      <Filter>Header Files</Filter>
    </ClInclude>
    <ClInclude Include="ItemToPurchase.h">
      <Filter>Header Files</Filter>
    </ClInclude>
    <ClInclude Include="Cash.h">
      <Filter>Header Files</Filter>
    </ClInclude>
    <ClInclude Include="CreditCart.h">
      <Filter>Header Files</Filter>
    </ClInclude>
    <ClInclude Include="Check.h">
      <Filter>Header Files</Filter>
    </ClInclude>
    <ClInclude Include="ActionGame.h">
      <Filter>Header Files</Filter>
    </ClInclude>
    <ClInclude Include="EducationalGame.h">
      <Filter>Header Files</Filter>
    </ClInclude>
    <ClInclude Include="FightingGame.h">
      <Filter>Header Files</Filter>
    </ClInclude>
    <ClInclude Include="Novel.h">
      <Filter>Header Files</Filter>
    </ClInclude>
    <ClInclude Include="Magazine.h">
      <Filter>Header Files</Filter>
    </ClInclude>
    <ClInclude Include="Story.h">
      <Filter>Header Files</Filter>
    </ClInclude>
    <ClInclude Include="HighHeeled.h">
      <Filter>Header Files</Filter>
    </ClInclude>
    <ClInclude Include="Boot.h">
      <Filter>Header Files</Filter>
    </ClInclude>
    <ClInclude Include="Sneaker.h">
      <Filter>Header Files</Filter>
    </ClInclude>
    <ClInclude Include="Strategy.h">
      <Filter>Header Files</Filter>
    </ClInclude>
    <ClInclude Include="Observer.h">
      <Filter>Header Files</Filter>
    </ClInclude>
    <ClInclude Include="Iterator.h">
      <Filter>Header Files</Filter>
    </ClInclude>
    <ClInclude Include="ShoeStoreIterator.h">
      <Filter>Header Files</Filter>
    </ClInclude>
    <ClInclude Include="BookStoreIterator.h">
      <Filter>Header Files</Filter>
    </ClInclude>
    <ClInclude Include="GameStoreIterator.h">
      <Filter>Header Files</Filter>
    </ClInclude>
    <ClInclude Include="Combo.h">
      <Filter>Header Files</Filter>
    </ClInclude>
    <ClInclude Include="Component.h">
      <Filter>Header Files</Filter>
    </ClInclude>
    <ClInclude Include="AbstractFactory.h">
      <Filter>Header Files</Filter>
    </ClInclude>
    <ClInclude Include="ShoeFactory.h">
      <Filter>Header Files</Filter>
    </ClInclude>
    <ClInclude Include="BookFactory.h">
      <Filter>Header Files</Filter>
    </ClInclude>
    <ClInclude Include="GameFactory.h">
      <Filter>Header Files</Filter>
    </ClInclude>
  </ItemGroup>
  <ItemGroup>
    <ClCompile Include="main.cpp">
      <Filter>Source Files</Filter>
    </ClCompile>
    <ClCompile Include="ActionGames.cpp">
      <Filter>Source Files</Filter>
    </ClCompile>
    <ClCompile Include="Book.cpp">
      <Filter>Source Files</Filter>
    </ClCompile>
    <ClCompile Include="BookStore.cpp">
      <Filter>Source Files</Filter>
    </ClCompile>
    <ClCompile Include="BookStoreIterator.cpp">
      <Filter>Source Files</Filter>
    </ClCompile>
    <ClCompile Include="Boot.cpp">
      <Filter>Source Files</Filter>
    </ClCompile>
    <ClCompile Include="Cash.cpp">
      <Filter>Source Files</Filter>
    </ClCompile>
    <ClCompile Include="Check.cpp">
      <Filter>Source Files</Filter>
    </ClCompile>
    <ClCompile Include="CreditCart.cpp">
      <Filter>Source Files</Filter>
    </ClCompile>
    <ClCompile Include="Customer.cpp">
      <Filter>Source Files</Filter>
    </ClCompile>
    <ClCompile Include="EducationalGame.cpp">
      <Filter>Source Files</Filter>
    </ClCompile>
    <ClCompile Include="FightingGame.cpp">
      <Filter>Source Files</Filter>
    </ClCompile>
    <ClCompile Include="Game.cpp">
      <Filter>Source Files</Filter>
    </ClCompile>
    <ClCompile Include="GameStore.cpp">
      <Filter>Source Files</Filter>
    </ClCompile>
    <ClCompile Include="GameStoreIterator.cpp">
      <Filter>Source Files</Filter>
    </ClCompile>
    <ClCompile Include="HighHeeled.cpp">
      <Filter>Source Files</Filter>
    </ClCompile>
    <ClCompile Include="Item.cpp">
      <Filter>Source Files</Filter>
    </ClCompile>
    <ClCompile Include="ItemToPurchase.cpp">
      <Filter>Source Files</Filter>
    </ClCompile>
    <ClCompile Include="Iterator.cpp">
      <Filter>Source Files</Filter>
    </ClCompile>
    <ClCompile Include="Magazine.cpp">
      <Filter>Source Files</Filter>
    </ClCompile>
    <ClCompile Include="Mall.cpp">
      <Filter>Source Files</Filter>
    </ClCompile>
    <ClCompile Include="Combo.cpp">
      <Filter>Source Files</Filter>
    </ClCompile>
    <ClCompile Include="Component.cpp">
      <Filter>Source Files</Filter>
    </ClCompile>
    <ClCompile Include="Shoe.cpp">
      <Filter>Source Files</Filter>
    </ClCompile>
    <ClCompile Include="Novel.cpp">
      <Filter>Source Files</Filter>
    </ClCompile>
    <ClCompile Include="Observer.cpp">
      <Filter>Source Files</Filter>
    </ClCompile>
    <ClCompile Include="Payment.cpp">
      <Filter>Source Files</Filter>
    </ClCompile>
    <ClCompile Include="ShoeStore.cpp">
      <Filter>Source Files</Filter>
    </ClCompile>
    <ClCompile Include="ShoeStoreIterator.cpp">
      <Filter>Source Files</Filter>
    </ClCompile>
    <ClCompile Include="ShoppingCart.cpp">
      <Filter>Source Files</Filter>
    </ClCompile>
    <ClCompile Include="Sneaker.cpp">
      <Filter>Source Files</Filter>
    </ClCompile>
    <ClCompile Include="Store.cpp">
      <Filter>Source Files</Filter>
    </ClCompile>
    <ClCompile Include="Story.cpp">
      <Filter>Source Files</Filter>
    </ClCompile>
    <ClCompile Include="Strategy.cpp">
      <Filter>Source Files</Filter>
    </ClCompile>
  </ItemGroup>
</Project>